
Microsoft Visual Studio Solution File, Format Version 12.00
# Visual Studio Version 17
VisualStudioVersion = 17.4.33403.182
MinimumVisualStudioVersion = 10.0.40219.1
Project("{9A19103F-16F7-4668-BE54-9A1E7A4F7556}") = "PRN231", "PRN231\PRN231.csproj", "{9689C830-7FEF-4E46-A2FE-F082A3DE120A}"
EndProject
Project("{9A19103F-16F7-4668-BE54-9A1E7A4F7556}") = "PRN231_UI", "PRN231_UI\PRN231_UI.csproj", "{6A9F2BA6-C210-4C27-8491-021A1B609D9C}"
EndProject
Project("{FAE04EC0-301F-11D3-BF4B-00C04F79EFBC}") = "LandingPage", "LandingPage\LandingPage.csproj", "{1CCDE81F-F150-4A83-AC4F-8CB3C189A50C}"
EndProject
Global
	GlobalSection(SolutionConfigurationPlatforms) = preSolution
		Debug|Any CPU = Debug|Any CPU
		Release|Any CPU = Release|Any CPU
	EndGlobalSection
	GlobalSection(ProjectConfigurationPlatforms) = postSolution
		{9689C830-7FEF-4E46-A2FE-F082A3DE120A}.Debug|Any CPU.ActiveCfg = Debug|Any CPU
		{9689C830-7FEF-4E46-A2FE-F082A3DE120A}.Debug|Any CPU.Build.0 = Debug|Any CPU
		{9689C830-7FEF-4E46-A2FE-F082A3DE120A}.Release|Any CPU.ActiveCfg = Release|Any CPU
		{9689C830-7FEF-4E46-A2FE-F082A3DE120A}.Release|Any CPU.Build.0 = Release|Any CPU
		{6A9F2BA6-C210-4C27-8491-021A1B609D9C}.Debug|Any CPU.ActiveCfg = Debug|Any CPU
		{6A9F2BA6-C210-4C27-8491-021A1B609D9C}.Debug|Any CPU.Build.0 = Debug|Any CPU
		{6A9F2BA6-C210-4C27-8491-021A1B609D9C}.Release|Any CPU.ActiveCfg = Release|Any CPU
		{6A9F2BA6-C210-4C27-8491-021A1B609D9C}.Release|Any CPU.Build.0 = Release|Any CPU
		{1CCDE81F-F150-4A83-AC4F-8CB3C189A50C}.Debug|Any CPU.ActiveCfg = Debug|Any CPU
		{1CCDE81F-F150-4A83-AC4F-8CB3C189A50C}.Debug|Any CPU.Build.0 = Debug|Any CPU
		{1CCDE81F-F150-4A83-AC4F-8CB3C189A50C}.Release|Any CPU.ActiveCfg = Release|Any CPU
		{1CCDE81F-F150-4A83-AC4F-8CB3C189A50C}.Release|Any CPU.Build.0 = Release|Any CPU
	EndGlobalSection
	GlobalSection(SolutionProperties) = preSolution
		HideSolutionNode = FALSE
	EndGlobalSection
	GlobalSection(ExtensibilityGlobals) = postSolution
		SolutionGuid = {087B7A62-40FF-41FF-9D9C-69DD881A5B9A}
	EndGlobalSection
EndGlobal
